# THIS IS AN AUTOGENERATED FILE. DO NOT EDIT THIS FILE DIRECTLY.
# yarn lockfile v1


react-native-simple-toast@^1.0.0:
  version "1.0.0"
  resolved "https://registry.yarnpkg.com/react-native-simple-toast/-/react-native-simple-toast-1.0.0.tgz#116f00774c00b082bde2c44585028f4015b9aaaa"
  integrity sha512-xaMhI1PTNlDs4PF9AflNsD55RDwlPaFpF6iq1qb3o1MCy1nDkYyqRbytwtvUODepPwOvtgMQSDaGW1u0tgUnjw==
